
Microsoft Visual Studio Solution File, Format Version 12.00
# Visual Studio Version 16
VisualStudioVersion = 16.0.29905.134
MinimumVisualStudioVersion = 10.0.40219.1
Project("{FAE04EC0-301F-11D3-BF4B-00C04F79EFBC}") = "CalculatorApp", "CalculatorApp\CalculatorApp.csproj", "{24BCFEBF-25FD-48F7-AA2D-CE8B018E769B}"
EndProject
Global
	GlobalSection(SolutionConfigurationPlatforms) = preSolution
		Debug|Any CPU = Debug|Any CPU
		Release|Any CPU = Release|Any CPU
	EndGlobalSection
	GlobalSection(ProjectConfigurationPlatforms) = postSolution
		{24BCFEBF-25FD-48F7-AA2D-CE8B018E769B}.Debug|Any CPU.ActiveCfg = Debug|Any CPU
		{24BCFEBF-25FD-48F7-AA2D-CE8B018E769B}.Debug|Any CPU.Build.0 = Debug|Any CPU
		{24BCFEBF-25FD-48F7-AA2D-CE8B018E769B}.Release|Any CPU.ActiveCfg = Release|Any CPU
		{24BCFEBF-25FD-48F7-AA2D-CE8B018E769B}.Release|Any CPU.Build.0 = Release|Any CPU
	EndGlobalSection
	GlobalSection(SolutionProperties) = preSolution
		HideSolutionNode = FALSE
	EndGlobalSection
	GlobalSection(ExtensibilityGlobals) = postSolution
		SolutionGuid = {FBFC46B6-1205-4E4B-8DEC-BC0E57FC2A48}
	EndGlobalSection
EndGlobal
